
Microsoft Visual Studio Solution File, Format Version 12.00
# Visual Studio Version 17
VisualStudioVersion = 17.11.35219.272
MinimumVisualStudioVersion = 10.0.40219.1
Project("{FAE04EC0-301F-11D3-BF4B-00C04F79EFBC}") = "TaskManagement", "TaskManagement\TaskManagement.csproj", "{5F94E428-937A-4025-8B8B-3644775904BC}"
EndProject
Global
	GlobalSection(SolutionConfigurationPlatforms) = preSolution
		Debug|Any CPU = Debug|Any CPU
		Release|Any CPU = Release|Any CPU
	EndGlobalSection
	GlobalSection(ProjectConfigurationPlatforms) = postSolution
		{5F94E428-937A-4025-8B8B-3644775904BC}.Debug|Any CPU.ActiveCfg = Debug|Any CPU
		{5F94E428-937A-4025-8B8B-3644775904BC}.Debug|Any CPU.Build.0 = Debug|Any CPU
		{5F94E428-937A-4025-8B8B-3644775904BC}.Release|Any CPU.ActiveCfg = Release|Any CPU
		{5F94E428-937A-4025-8B8B-3644775904BC}.Release|Any CPU.Build.0 = Release|Any CPU
	EndGlobalSection
	GlobalSection(SolutionProperties) = preSolution
		HideSolutionNode = FALSE
	EndGlobalSection
	GlobalSection(ExtensibilityGlobals) = postSolution
		SolutionGuid = {197C02A8-C771-4914-8344-07BD3003D12B}
	EndGlobalSection
EndGlobal
